
Microsoft Visual Studio Solution File, Format Version 12.00
# Visual Studio Version 17
VisualStudioVersion = 17.14.36511.14 d17.14
MinimumVisualStudioVersion = 10.0.40219.1
Project("{FAE04EC0-301F-11D3-BF4B-00C04F79EFBC}") = "SimpleCalculatorProjectWinForm", "SimpleCalculatorProjectWinForm.csproj", "{301D4481-EE39-4721-8232-5CFCA1347FFD}"
EndProject
Global
	GlobalSection(SolutionConfigurationPlatforms) = preSolution
		Debug|Any CPU = Debug|Any CPU
		Release|Any CPU = Release|Any CPU
	EndGlobalSection
	GlobalSection(ProjectConfigurationPlatforms) = postSolution
		{301D4481-EE39-4721-8232-5CFCA1347FFD}.Debug|Any CPU.ActiveCfg = Debug|Any CPU
		{301D4481-EE39-4721-8232-5CFCA1347FFD}.Debug|Any CPU.Build.0 = Debug|Any CPU
		{301D4481-EE39-4721-8232-5CFCA1347FFD}.Release|Any CPU.ActiveCfg = Release|Any CPU
		{301D4481-EE39-4721-8232-5CFCA1347FFD}.Release|Any CPU.Build.0 = Release|Any CPU
	EndGlobalSection
	GlobalSection(SolutionProperties) = preSolution
		HideSolutionNode = FALSE
	EndGlobalSection
	GlobalSection(ExtensibilityGlobals) = postSolution
		SolutionGuid = {CCAD086F-AB71-4431-A384-9804D7095AB3}
	EndGlobalSection
EndGlobal
